
Microsoft Visual Studio Solution File, Format Version 12.00
# Visual Studio Version 16
VisualStudioVersion = 16.0.31424.327
MinimumVisualStudioVersion = 10.0.40219.1
Project("{2150E333-8FDC-42A3-9474-1A3956D46DE8}") = "Client", "Client", "{6920815A-8B93-45DF-9457-977EA0F9959C}"
EndProject
Project("{2150E333-8FDC-42A3-9474-1A3956D46DE8}") = "API.Gateways", "API.Gateways", "{92161561-A9BC-4AC2-A8A2-A64BB6FC5078}"
EndProject
Project("{2150E333-8FDC-42A3-9474-1A3956D46DE8}") = "Services", "Services", "{0247996F-6360-4D88-B5C0-2935B64B2D5E}"
EndProject
Project("{2150E333-8FDC-42A3-9474-1A3956D46DE8}") = "01.Identity", "01.Identity", "{64316076-5E09-4646-82A2-35A9945A1938}"
EndProject
Project("{2150E333-8FDC-42A3-9474-1A3956D46DE8}") = "02.Employees", "02.Employees", "{091D238D-4720-4036-B35C-3492C01B9632}"
EndProject
Project("{9A19103F-16F7-4668-BE54-9A1E7A4F7556}") = "API_Employees", "src\Services\02.Employees\API_Employees\API_Employees.csproj", "{DEC26408-2AE0-49C0-AA4F-632D948BC869}"
EndProject
Project("{2150E333-8FDC-42A3-9474-1A3956D46DE8}") = "Employees_API", "Employees_API", "{61E858E6-B8FF-471B-B4CC-AB99F55E3C86}"
EndProject
Project("{2150E333-8FDC-42A3-9474-1A3956D46DE8}") = "Employees_Services", "Employees_Services", "{3AC8527E-9417-4FB3-A6F2-2CD4B0BB0516}"
EndProject
Project("{2150E333-8FDC-42A3-9474-1A3956D46DE8}") = "Employees_Persistence", "Employees_Persistence", "{A1723181-D75C-4E7E-B66C-8B302AF89D8B}"
EndProject
Project("{2150E333-8FDC-42A3-9474-1A3956D46DE8}") = "Employees_Model", "Employees_Model", "{687175A5-A6EA-4115-BD07-2FC0EDFC0CBD}"
EndProject
Project("{9A19103F-16F7-4668-BE54-9A1E7A4F7556}") = "EmployeesDomain", "src\Services\02.Employees\EmployeesDomain\EmployeesDomain.csproj", "{F045AFFA-9049-4C48-AA00-790D916CFFFC}"
EndProject
Project("{9A19103F-16F7-4668-BE54-9A1E7A4F7556}") = "EmployeesPersistenceDataBase", "src\Services\02.Employees\EmployeesPersistenceDataBase\EmployeesPersistenceDataBase.csproj", "{F3F18D09-42E3-4B76-B051-653A17E8F32F}"
EndProject
Project("{2150E333-8FDC-42A3-9474-1A3956D46DE8}") = "03.Clients", "03.Clients", "{6E30C509-5375-479E-A043-CF08D8A39091}"
EndProject
Project("{2150E333-8FDC-42A3-9474-1A3956D46DE8}") = "Clients_API", "Clients_API", "{32301C9F-1FAE-4ED7-AAE6-B93AF2676904}"
EndProject
Project("{2150E333-8FDC-42A3-9474-1A3956D46DE8}") = "Clients_Model", "Clients_Model", "{30957903-8A60-4F4E-A2B9-82AA09A5CA7A}"
EndProject
Project("{2150E333-8FDC-42A3-9474-1A3956D46DE8}") = "Clients_Persistence", "Clients_Persistence", "{999535FF-6251-4EF5-9094-A7D48FA2B4C6}"
EndProject
Project("{2150E333-8FDC-42A3-9474-1A3956D46DE8}") = "Clients_Services", "Clients_Services", "{A7ECFBA8-AF07-4574-B42C-E1C983BE24ED}"
EndProject
Project("{FAE04EC0-301F-11D3-BF4B-00C04F79EFBC}") = "API_Clients", "src\Services\03.Clients\API_Clients\API_Clients.csproj", "{E6F71F5C-F46C-46B7-A2A5-34CBE5568A44}"
EndProject
Project("{FAE04EC0-301F-11D3-BF4B-00C04F79EFBC}") = "ClientsDomain", "src\Services\03.Clients\ClientsDomain\ClientsDomain.csproj", "{B75921B3-40F0-4DAC-9D7A-84E89E3ECB3B}"
EndProject
Project("{FAE04EC0-301F-11D3-BF4B-00C04F79EFBC}") = "ClientsPersistenceDataBase", "src\Services\03.Clients\ClientsPersistenceDataBase\ClientsPersistenceDataBase.csproj", "{6E87D392-4556-4998-A11B-AA59B7EBC505}"
EndProject
Global
	GlobalSection(SolutionConfigurationPlatforms) = preSolution
		Debug|Any CPU = Debug|Any CPU
		Release|Any CPU = Release|Any CPU
	EndGlobalSection
	GlobalSection(ProjectConfigurationPlatforms) = postSolution
		{DEC26408-2AE0-49C0-AA4F-632D948BC869}.Debug|Any CPU.ActiveCfg = Debug|Any CPU
		{DEC26408-2AE0-49C0-AA4F-632D948BC869}.Debug|Any CPU.Build.0 = Debug|Any CPU
		{DEC26408-2AE0-49C0-AA4F-632D948BC869}.Release|Any CPU.ActiveCfg = Release|Any CPU
		{DEC26408-2AE0-49C0-AA4F-632D948BC869}.Release|Any CPU.Build.0 = Release|Any CPU
		{F045AFFA-9049-4C48-AA00-790D916CFFFC}.Debug|Any CPU.ActiveCfg = Debug|Any CPU
		{F045AFFA-9049-4C48-AA00-790D916CFFFC}.Debug|Any CPU.Build.0 = Debug|Any CPU
		{F045AFFA-9049-4C48-AA00-790D916CFFFC}.Release|Any CPU.ActiveCfg = Release|Any CPU
		{F045AFFA-9049-4C48-AA00-790D916CFFFC}.Release|Any CPU.Build.0 = Release|Any CPU
		{F3F18D09-42E3-4B76-B051-653A17E8F32F}.Debug|Any CPU.ActiveCfg = Debug|Any CPU
		{F3F18D09-42E3-4B76-B051-653A17E8F32F}.Debug|Any CPU.Build.0 = Debug|Any CPU
		{F3F18D09-42E3-4B76-B051-653A17E8F32F}.Release|Any CPU.ActiveCfg = Release|Any CPU
		{F3F18D09-42E3-4B76-B051-653A17E8F32F}.Release|Any CPU.Build.0 = Release|Any CPU
		{E6F71F5C-F46C-46B7-A2A5-34CBE5568A44}.Debug|Any CPU.ActiveCfg = Debug|Any CPU
		{E6F71F5C-F46C-46B7-A2A5-34CBE5568A44}.Debug|Any CPU.Build.0 = Debug|Any CPU
		{E6F71F5C-F46C-46B7-A2A5-34CBE5568A44}.Release|Any CPU.ActiveCfg = Release|Any CPU
		{E6F71F5C-F46C-46B7-A2A5-34CBE5568A44}.Release|Any CPU.Build.0 = Release|Any CPU
		{B75921B3-40F0-4DAC-9D7A-84E89E3ECB3B}.Debug|Any CPU.ActiveCfg = Debug|Any CPU
		{B75921B3-40F0-4DAC-9D7A-84E89E3ECB3B}.Debug|Any CPU.Build.0 = Debug|Any CPU
		{B75921B3-40F0-4DAC-9D7A-84E89E3ECB3B}.Release|Any CPU.ActiveCfg = Release|Any CPU
		{B75921B3-40F0-4DAC-9D7A-84E89E3ECB3B}.Release|Any CPU.Build.0 = Release|Any CPU
		{6E87D392-4556-4998-A11B-AA59B7EBC505}.Debug|Any CPU.ActiveCfg = Debug|Any CPU
		{6E87D392-4556-4998-A11B-AA59B7EBC505}.Debug|Any CPU.Build.0 = Debug|Any CPU
		{6E87D392-4556-4998-A11B-AA59B7EBC505}.Release|Any CPU.ActiveCfg = Release|Any CPU
		{6E87D392-4556-4998-A11B-AA59B7EBC505}.Release|Any CPU.Build.0 = Release|Any CPU
	EndGlobalSection
	GlobalSection(SolutionProperties) = preSolution
		HideSolutionNode = FALSE
	EndGlobalSection
	GlobalSection(NestedProjects) = preSolution
		{64316076-5E09-4646-82A2-35A9945A1938} = {0247996F-6360-4D88-B5C0-2935B64B2D5E}
		{091D238D-4720-4036-B35C-3492C01B9632} = {0247996F-6360-4D88-B5C0-2935B64B2D5E}
		{DEC26408-2AE0-49C0-AA4F-632D948BC869} = {61E858E6-B8FF-471B-B4CC-AB99F55E3C86}
		{61E858E6-B8FF-471B-B4CC-AB99F55E3C86} = {091D238D-4720-4036-B35C-3492C01B9632}
		{3AC8527E-9417-4FB3-A6F2-2CD4B0BB0516} = {091D238D-4720-4036-B35C-3492C01B9632}
		{A1723181-D75C-4E7E-B66C-8B302AF89D8B} = {091D238D-4720-4036-B35C-3492C01B9632}
		{687175A5-A6EA-4115-BD07-2FC0EDFC0CBD} = {091D238D-4720-4036-B35C-3492C01B9632}
		{F045AFFA-9049-4C48-AA00-790D916CFFFC} = {687175A5-A6EA-4115-BD07-2FC0EDFC0CBD}
		{F3F18D09-42E3-4B76-B051-653A17E8F32F} = {A1723181-D75C-4E7E-B66C-8B302AF89D8B}
		{6E30C509-5375-479E-A043-CF08D8A39091} = {0247996F-6360-4D88-B5C0-2935B64B2D5E}
		{32301C9F-1FAE-4ED7-AAE6-B93AF2676904} = {6E30C509-5375-479E-A043-CF08D8A39091}
		{30957903-8A60-4F4E-A2B9-82AA09A5CA7A} = {6E30C509-5375-479E-A043-CF08D8A39091}
		{999535FF-6251-4EF5-9094-A7D48FA2B4C6} = {6E30C509-5375-479E-A043-CF08D8A39091}
		{A7ECFBA8-AF07-4574-B42C-E1C983BE24ED} = {6E30C509-5375-479E-A043-CF08D8A39091}
		{E6F71F5C-F46C-46B7-A2A5-34CBE5568A44} = {32301C9F-1FAE-4ED7-AAE6-B93AF2676904}
		{B75921B3-40F0-4DAC-9D7A-84E89E3ECB3B} = {30957903-8A60-4F4E-A2B9-82AA09A5CA7A}
		{6E87D392-4556-4998-A11B-AA59B7EBC505} = {999535FF-6251-4EF5-9094-A7D48FA2B4C6}
	EndGlobalSection
	GlobalSection(ExtensibilityGlobals) = postSolution
		SolutionGuid = {4A3D6412-3AC1-4C03-BE74-D4F9F6FF9A65}
	EndGlobalSection
EndGlobal
